
Microsoft Visual Studio Solution File, Format Version 12.00
# Visual Studio 15
VisualStudioVersion = 15.0.28010.2016
MinimumVisualStudioVersion = 10.0.40219.1
Project("{FAE04EC0-301F-11D3-BF4B-00C04F79EFBC}") = "Locker", "Locker\Locker.csproj", "{DD881ED6-83D7-4921-9C4F-2C55CC96CAB6}"
EndProject
Global
	GlobalSection(SolutionConfigurationPlatforms) = preSolution
		Debug|Any CPU = Debug|Any CPU
		Release|Any CPU = Release|Any CPU
	EndGlobalSection
	GlobalSection(ProjectConfigurationPlatforms) = postSolution
		{DD881ED6-83D7-4921-9C4F-2C55CC96CAB6}.Debug|Any CPU.ActiveCfg = Debug|Any CPU
		{DD881ED6-83D7-4921-9C4F-2C55CC96CAB6}.Debug|Any CPU.Build.0 = Debug|Any CPU
		{DD881ED6-83D7-4921-9C4F-2C55CC96CAB6}.Release|Any CPU.ActiveCfg = Release|Any CPU
		{DD881ED6-83D7-4921-9C4F-2C55CC96CAB6}.Release|Any CPU.Build.0 = Release|Any CPU
	EndGlobalSection
	GlobalSection(SolutionProperties) = preSolution
		HideSolutionNode = FALSE
	EndGlobalSection
	GlobalSection(ExtensibilityGlobals) = postSolution
		SolutionGuid = {68C636BF-2309-4FB0-B2CD-44CCB1371180}
	EndGlobalSection
EndGlobal
